
Microsoft Visual Studio Solution File, Format Version 12.00
# Visual Studio Version 17
VisualStudioVersion = 17.13.35828.75
MinimumVisualStudioVersion = 10.0.40219.1
Project("{FAE04EC0-301F-11D3-BF4B-00C04F79EFBC}") = "Güzellik_salonu", "Güzellik_salonu\Güzellik_salonu.csproj", "{5012D8D3-80E4-4E37-BFB6-6F8BB067BD8C}"
EndProject
Global
	GlobalSection(SolutionConfigurationPlatforms) = preSolution
		Debug|Any CPU = Debug|Any CPU
		Release|Any CPU = Release|Any CPU
	EndGlobalSection
	GlobalSection(ProjectConfigurationPlatforms) = postSolution
		{5012D8D3-80E4-4E37-BFB6-6F8BB067BD8C}.Debug|Any CPU.ActiveCfg = Debug|Any CPU
		{5012D8D3-80E4-4E37-BFB6-6F8BB067BD8C}.Debug|Any CPU.Build.0 = Debug|Any CPU
		{5012D8D3-80E4-4E37-BFB6-6F8BB067BD8C}.Release|Any CPU.ActiveCfg = Release|Any CPU
		{5012D8D3-80E4-4E37-BFB6-6F8BB067BD8C}.Release|Any CPU.Build.0 = Release|Any CPU
	EndGlobalSection
	GlobalSection(SolutionProperties) = preSolution
		HideSolutionNode = FALSE
	EndGlobalSection
	GlobalSection(ExtensibilityGlobals) = postSolution
		SolutionGuid = {7C3E237C-478A-471E-91B5-17FD49DC844E}
	EndGlobalSection
EndGlobal
